{
  "object": {
    "pins": [
      {
        "package": "SimpleStream",
        "repositoryURL": "https://github.com/Frizlab/SimpleStream.git",
        "state": {
          "branch": null,
          "revision": "75c0807d74d1235bb4815719d7d7a94b203bc336",
          "version": "1.0.1"
        }
      }
    ]
  },
  "version": 1
}
