{
  "object": {
    "pins": [
      {
        "package": "SimpleStream",
        "repositoryURL": "https://github.com/Frizlab/SimpleStream.git",
        "state": {
          "branch": null,
          "revision": "2796ec02da0966d179543985e21fe153f0afb461",
          "version": "2.1.0"
        }
      },
      {
        "package": "swift-argument-parser",
        "repositoryURL": "https://github.com/apple/swift-argument-parser",
        "state": {
          "branch": null,
          "revision": "7255fd547f70468e19abbac5f7964f1ef309ad92",
          "version": "0.2.1"
        }
      }
    ]
  },
  "version": 1
}
